// !$*UTF8*$!
{
	archiveVersion = 1;
	classes = {
	};
	objectVersion = 48;
	objects = {

/* Begin PBXBuildFile section */
		39C263121FA393780094DE1B /* AppDelegate.swift in Sources */ = {isa = PBXBuildFile; fileRef = 39C263111FA393780094DE1B /* AppDelegate.swift */; };
		39C263141FA393780094DE1B /* ViewController.swift in Sources */ = {isa = PBXBuildFile; fileRef = 39C263131FA393780094DE1B /* ViewController.swift */; };
		39C263171FA393780094DE1B /* Main.storyboard in Resources */ = {isa = PBXBuildFile; fileRef = 39C263151FA393780094DE1B /* Main.storyboard */; };
		39C2631A1FA393780094DE1B /* MyIP.xcdatamodeld in Sources */ = {isa = PBXBuildFile; fileRef = 39C263181FA393780094DE1B /* MyIP.xcdatamodeld */; };
		39C2631C1FA393780094DE1B /* Assets.xcassets in Resources */ = {isa = PBXBuildFile; fileRef = 39C2631B1FA393780094DE1B /* Assets.xcassets */; };
		39C2631F1FA393780094DE1B /* LaunchScreen.storyboard in Resources */ = {isa = PBXBuildFile; fileRef = 39C2631D1FA393780094DE1B /* LaunchScreen.storyboard */; };
		39C2632A1FA393780094DE1B /* MyIPTests.swift in Sources */ = {isa = PBXBuildFile; fileRef = 39C263291FA393780094DE1B /* MyIPTests.swift */; };
		39C263351FA393780094DE1B /* MyIPUITests.swift in Sources */ = {isa = PBXBuildFile; fileRef = 39C263341FA393780094DE1B /* MyIPUITests.swift */; };
		F47BD8E33D7607EE3562D370 /* Pods_MyIP.framework in Frameworks */ = {isa = PBXBuildFile; fileRef = 25DDC882F7031C146ED35CB6 /* Pods_MyIP.framework */; };
/* End PBXBuildFile section */

/* Begin PBXContainerItemProxy section */
		39C263261FA393780094DE1B /* PBXContainerItemProxy */ = {
			isa = PBXContainerItemProxy;
			containerPortal = 39C263061FA393780094DE1B /* Project object */;
			proxyType = 1;
			remoteGlobalIDString = 39C2630D1FA393780094DE1B;
			remoteInfo = MyIP;
		};
		39C263311FA393780094DE1B /* PBXContainerItemProxy */ = {
			isa = PBXContainerItemProxy;
			containerPortal = 39C263061FA393780094DE1B /* Project object */;
			proxyType = 1;
			remoteGlobalIDString = 39C2630D1FA393780094DE1B;
			remoteInfo = MyIP;
		};
/* End PBXContainerItemProxy section */

/* Begin PBXFileReference section */
		25DDC882F7031C146ED35CB6 /* Pods_MyIP.framework */ = {isa = PBXFileReference; explicitFileType = wrapper.framework; includeInIndex = 0; path = Pods_MyIP.framework; sourceTree = BUILT_PRODUCTS_DIR; };
		39C2630E1FA393780094DE1B /* MyIP.app */ = {isa = PBXFileReference; explicitFileType = wrapper.application; includeInIndex = 0; path = MyIP.app; sourceTree = BUILT_PRODUCTS_DIR; };
		39C263111FA393780094DE1B /* AppDelegate.swift */ = {isa = PBXFileReference; lastKnownFileType = sourcecode.swift; path = AppDelegate.swift; sourceTree = "<group>"; };
		39C263131FA393780094DE1B /* ViewController.swift */ = {isa = PBXFileReference; lastKnownFileType = sourcecode.swift; path = ViewController.swift; sourceTree = "<group>"; };
		39C263161FA393780094DE1B /* Base */ = {isa = PBXFileReference; lastKnownFileType = file.storyboard; name = Base; path = Base.lproj/Main.storyboard; sourceTree = "<group>"; };
		39C263191FA393780094DE1B /* MyIP.xcdatamodel */ = {isa = PBXFileReference; lastKnownFileType = wrapper.xcdatamodel; path = MyIP.xcdatamodel; sourceTree = "<group>"; };
		39C2631B1FA393780094DE1B /* Assets.xcassets */ = {isa = PBXFileReference; lastKnownFileType = folder.assetcatalog; path = Assets.xcassets; sourceTree = "<group>"; };
		39C2631E1FA393780094DE1B /* Base */ = {isa = PBXFileReference; lastKnownFileType = file.storyboard; name = Base; path = Base.lproj/LaunchScreen.storyboard; sourceTree = "<group>"; };
		39C263201FA393780094DE1B /* Info.plist */ = {isa = PBXFileReference; lastKnownFileType = text.plist.xml; path = Info.plist; sourceTree = "<group>"; };
		39C263251FA393780094DE1B /* MyIPTests.xctest */ = {isa = PBXFileReference; explicitFileType = wrapper.cfbundle; includeInIndex = 0; path = MyIPTests.xctest; sourceTree = BUILT_PRODUCTS_DIR; };
		39C263291FA393780094DE1B /* MyIPTests.swift */ = {isa = PBXFileReference; lastKnownFileType = sourcecode.swift; path = MyIPTests.swift; sourceTree = "<group>"; };
		39C2632B1FA393780094DE1B /* Info.plist */ = {isa = PBXFileReference; lastKnownFileType = text.plist.xml; path = Info.plist; sourceTree = "<group>"; };
		39C263301FA393780094DE1B /* MyIPUITests.xctest */ = {isa = PBXFileReference; explicitFileType = wrapper.cfbundle; includeInIndex = 0; path = MyIPUITests.xctest; sourceTree = BUILT_PRODUCTS_DIR; };
		39C263341FA393780094DE1B /* MyIPUITests.swift */ = {isa = PBXFileReference; lastKnownFileType = sourcecode.swift; path = MyIPUITests.swift; sourceTree = "<group>"; };
		39C263361FA393780094DE1B /* Info.plist */ = {isa = PBXFileReference; lastKnownFileType = text.plist.xml; path = Info.plist; sourceTree = "<group>"; };
		3C5B4C4D2FA7B0C12A5289B4 /* Pods-MyIP.release.xcconfig */ = {isa = PBXFileReference; includeInIndex = 1; lastKnownFileType = text.xcconfig; name = "Pods-MyIP.release.xcconfig"; path = "Pods/Target Support Files/Pods-MyIP/Pods-MyIP.release.xcconfig"; sourceTree = "<group>"; };
		A1879E201341F8DE3B5516A4 /* Pods-MyIP.debug.xcconfig */ = {isa = PBXFileReference; includeInIndex = 1; lastKnownFileType = text.xcconfig; name = "Pods-MyIP.debug.xcconfig"; path = "Pods/Target Support Files/Pods-MyIP/Pods-MyIP.debug.xcconfig"; sourceTree = "<group>"; };
/* End PBXFileReference section */

/* Begin PBXFrameworksBuildPhase section */
		39C2630B1FA393780094DE1B /* Frameworks */ = {
			isa = PBXFrameworksBuildPhase;
			buildActionMask = 2147483647;
			files = (
				F47BD8E33D7607EE3562D370 /* Pods_MyIP.framework in Frameworks */,
			);
			runOnlyForDeploymentPostprocessing = 0;
		};
		39C263221FA393780094DE1B /* Frameworks */ = {
			isa = PBXFrameworksBuildPhase;
			buildActionMask = 2147483647;
			files = (
			);
			runOnlyForDeploymentPostprocessing = 0;
		};
		39C2632D1FA393780094DE1B /* Frameworks */ = {
			isa = PBXFrameworksBuildPhase;
			buildActionMask = 2147483647;
			files = (
			);
			runOnlyForDeploymentPostprocessing = 0;
		};
/* End PBXFrameworksBuildPhase section */

/* Begin PBXGroup section */
		39C263051FA393780094DE1B = {
			isa = PBXGroup;
			children = (
				39C263101FA393780094DE1B /* MyIP */,
				39C263281FA393780094DE1B /* MyIPTests */,
				39C263331FA393780094DE1B /* MyIPUITests */,
				39C2630F1FA393780094DE1B /* Products */,
				536A40826043F64ADC9607AE /* Pods */,
				B19F6FB7B50E2C240B5CFF94 /* Frameworks */,
			);
			sourceTree = "<group>";
		};
		39C2630F1FA393780094DE1B /* Products */ = {
			isa = PBXGroup;
			children = (
				39C2630E1FA393780094DE1B /* MyIP.app */,
				39C263251FA393780094DE1B /* MyIPTests.xctest */,
				39C263301FA393780094DE1B /* MyIPUITests.xctest */,
			);
			name = Products;
			sourceTree = "<group>";
		};
		39C263101FA393780094DE1B /* MyIP */ = {
			isa = PBXGroup;
			children = (
				39C263111FA393780094DE1B /* AppDelegate.swift */,
				39C263131FA393780094DE1B /* ViewController.swift */,
				39C263151FA393780094DE1B /* Main.storyboard */,
				39C2631B1FA393780094DE1B /* Assets.xcassets */,
				39C2631D1FA393780094DE1B /* LaunchScreen.storyboard */,
				39C263201FA393780094DE1B /* Info.plist */,
				39C263181FA393780094DE1B /* MyIP.xcdatamodeld */,
			);
			path = MyIP;
			sourceTree = "<group>";
		};
		39C263281FA393780094DE1B /* MyIPTests */ = {
			isa = PBXGroup;
			children = (
				39C263291FA393780094DE1B /* MyIPTests.swift */,
				39C2632B1FA393780094DE1B /* Info.plist */,
			);
			path = MyIPTests;
			sourceTree = "<group>";
		};
		39C263331FA393780094DE1B /* MyIPUITests */ = {
			isa = PBXGroup;
			children = (
				39C263341FA393780094DE1B /* MyIPUITests.swift */,
				39C263361FA393780094DE1B /* Info.plist */,
			);
			path = MyIPUITests;
			sourceTree = "<group>";
		};
		536A40826043F64ADC9607AE /* Pods */ = {
			isa = PBXGroup;
			children = (
				A1879E201341F8DE3B5516A4 /* Pods-MyIP.debug.xcconfig */,
				3C5B4C4D2FA7B0C12A5289B4 /* Pods-MyIP.release.xcconfig */,
			);
			name = Pods;
			sourceTree = "<group>";
		};
		B19F6FB7B50E2C240B5CFF94 /* Frameworks */ = {
			isa = PBXGroup;
			children = (
				25DDC882F7031C146ED35CB6 /* Pods_MyIP.framework */,
			);
			name = Frameworks;
			sourceTree = "<group>";
		};
/* End PBXGroup section */

/* Begin PBXNativeTarget section */
		39C2630D1FA393780094DE1B /* MyIP */ = {
			isa = PBXNativeTarget;
			buildConfigurationList = 39C263391FA393780094DE1B /* Build configuration list for PBXNativeTarget "MyIP" */;
			buildPhases = (
				766AEC9513ADA3DC34A5AB63 /* [CP] Check Pods Manifest.lock */,
				39C2630A1FA393780094DE1B /* Sources */,
				39C2630B1FA393780094DE1B /* Frameworks */,
				39C2630C1FA393780094DE1B /* Resources */,
				4B867D0829962C3A9A550A7D /* [CP] Embed Pods Frameworks */,
				A0651E1B9C0E2C7AE5290092 /* [CP] Copy Pods Resources */,
			);
			buildRules = (
			);
			dependencies = (
			);
			name = MyIP;
			productName = MyIP;
			productReference = 39C2630E1FA393780094DE1B /* MyIP.app */;
			productType = "com.apple.product-type.application";
		};
		39C263241FA393780094DE1B /* MyIPTests */ = {
			isa = PBXNativeTarget;
			buildConfigurationList = 39C2633C1FA393780094DE1B /* Build configuration list for PBXNativeTarget "MyIPTests" */;
			buildPhases = (
				39C263211FA393780094DE1B /* Sources */,
				39C263221FA393780094DE1B /* Frameworks */,
				39C263231FA393780094DE1B /* Resources */,
			);
			buildRules = (
			);
			dependencies = (
				39C263271FA393780094DE1B /* PBXTargetDependency */,
			);
			name = MyIPTests;
			productName = MyIPTests;
			productReference = 39C263251FA393780094DE1B /* MyIPTests.xctest */;
			productType = "com.apple.product-type.bundle.unit-test";
		};
		39C2632F1FA393780094DE1B /* MyIPUITests */ = {
			isa = PBXNativeTarget;
			buildConfigurationList = 39C2633F1FA393780094DE1B /* Build configuration list for PBXNativeTarget "MyIPUITests" */;
			buildPhases = (
				39C2632C1FA393780094DE1B /* Sources */,
				39C2632D1FA393780094DE1B /* Frameworks */,
				39C2632E1FA393780094DE1B /* Resources */,
			);
			buildRules = (
			);
			dependencies = (
				39C263321FA393780094DE1B /* PBXTargetDependency */,
			);
			name = MyIPUITests;
			productName = MyIPUITests;
			productReference = 39C263301FA393780094DE1B /* MyIPUITests.xctest */;
			productType = "com.apple.product-type.bundle.ui-testing";
		};
/* End PBXNativeTarget section */

/* Begin PBXProject section */
		39C263061FA393780094DE1B /* Project object */ = {
			isa = PBXProject;
			attributes = {
				LastSwiftUpdateCheck = 0900;
				LastUpgradeCheck = 0900;
				ORGANIZATIONNAME = "Milos Jakovljevic";
				TargetAttributes = {
					39C2630D1FA393780094DE1B = {
						CreatedOnToolsVersion = 9.0.1;
						ProvisioningStyle = Automatic;
					};
					39C263241FA393780094DE1B = {
						CreatedOnToolsVersion = 9.0.1;
						ProvisioningStyle = Automatic;
						TestTargetID = 39C2630D1FA393780094DE1B;
					};
					39C2632F1FA393780094DE1B = {
						CreatedOnToolsVersion = 9.0.1;
						ProvisioningStyle = Automatic;
						TestTargetID = 39C2630D1FA393780094DE1B;
					};
				};
			};
			buildConfigurationList = 39C263091FA393780094DE1B /* Build configuration list for PBXProject "MyIP" */;
			compatibilityVersion = "Xcode 8.0";
			developmentRegion = en;
			hasScannedForEncodings = 0;
			knownRegions = (
				en,
				Base,
			);
			mainGroup = 39C263051FA393780094DE1B;
			productRefGroup = 39C2630F1FA393780094DE1B /* Products */;
			projectDirPath = "";
			projectRoot = "";
			targets = (
				39C2630D1FA393780094DE1B /* MyIP */,
				39C263241FA393780094DE1B /* MyIPTests */,
				39C2632F1FA393780094DE1B /* MyIPUITests */,
			);
		};
/* End PBXProject section */

/* Begin PBXResourcesBuildPhase section */
		39C2630C1FA393780094DE1B /* Resources */ = {
			isa = PBXResourcesBuildPhase;
			buildActionMask = 2147483647;
			files = (
				39C2631F1FA393780094DE1B /* LaunchScreen.storyboard in Resources */,
				39C2631C1FA393780094DE1B /* Assets.xcassets in Resources */,
				39C263171FA393780094DE1B /* Main.storyboard in Resources */,
			);
			runOnlyForDeploymentPostprocessing = 0;
		};
		39C263231FA393780094DE1B /* Resources */ = {
			isa = PBXResourcesBuildPhase;
			buildActionMask = 2147483647;
			files = (
			);
			runOnlyForDeploymentPostprocessing = 0;
		};
		39C2632E1FA393780094DE1B /* Resources */ = {
			isa = PBXResourcesBuildPhase;
			buildActionMask = 2147483647;
			files = (
			);
			runOnlyForDeploymentPostprocessing = 0;
		};
/* End PBXResourcesBuildPhase section */

/* Begin PBXShellScriptBuildPhase section */
		4B867D0829962C3A9A550A7D /* [CP] Embed Pods Frameworks */ = {
			isa = PBXShellScriptBuildPhase;
			buildActionMask = 2147483647;
			files = (
			);
			inputPaths = (
				"${SRCROOT}/Pods/Target Support Files/Pods-MyIP/Pods-MyIP-frameworks.sh",
				"${BUILT_PRODUCTS_DIR}/Alamofire/Alamofire.framework",
				"${BUILT_PRODUCTS_DIR}/SwiftyJSON/SwiftyJSON.framework",
			);
			name = "[CP] Embed Pods Frameworks";
			outputPaths = (
				"${TARGET_BUILD_DIR}/${FRAMEWORKS_FOLDER_PATH}/Alamofire.framework",
				"${TARGET_BUILD_DIR}/${FRAMEWORKS_FOLDER_PATH}/SwiftyJSON.framework",
			);
			runOnlyForDeploymentPostprocessing = 0;
			shellPath = /bin/sh;
			shellScript = "\"${SRCROOT}/Pods/Target Support Files/Pods-MyIP/Pods-MyIP-frameworks.sh\"\n";
			showEnvVarsInLog = 0;
		};
		766AEC9513ADA3DC34A5AB63 /* [CP] Check Pods Manifest.lock */ = {
			isa = PBXShellScriptBuildPhase;
			buildActionMask = 2147483647;
			files = (
			);
			inputPaths = (
				"${PODS_PODFILE_DIR_PATH}/Podfile.lock",
				"${PODS_ROOT}/Manifest.lock",
			);
			name = "[CP] Check Pods Manifest.lock";
			outputPaths = (
				"$(DERIVED_FILE_DIR)/Pods-MyIP-checkManifestLockResult.txt",
			);
			runOnlyForDeploymentPostprocessing = 0;
			shellPath = /bin/sh;
			shellScript = "diff \"${PODS_PODFILE_DIR_PATH}/Podfile.lock\" \"${PODS_ROOT}/Manifest.lock\" > /dev/null\nif [ $? != 0 ] ; then\n    # print error to STDERR\n    echo \"error: The sandbox is not in sync with the Podfile.lock. Run 'pod install' or update your CocoaPods installation.\" >&2\n    exit 1\nfi\n# This output is used by Xcode 'outputs' to avoid re-running this script phase.\necho \"SUCCESS\" > \"${SCRIPT_OUTPUT_FILE_0}\"\n";
			showEnvVarsInLog = 0;
		};
		A0651E1B9C0E2C7AE5290092 /* [CP] Copy Pods Resources */ = {
			isa = PBXShellScriptBuildPhase;
			buildActionMask = 2147483647;
			files = (
			);
			inputPaths = (
			);
			name = "[CP] Copy Pods Resources";
			outputPaths = (
			);
			runOnlyForDeploymentPostprocessing = 0;
			shellPath = /bin/sh;
			shellScript = "\"${SRCROOT}/Pods/Target Support Files/Pods-MyIP/Pods-MyIP-resources.sh\"\n";
			showEnvVarsInLog = 0;
		};
/* End PBXShellScriptBuildPhase section */

/* Begin PBXSourcesBuildPhase section */
		39C2630A1FA393780094DE1B /* Sources */ = {
			isa = PBXSourcesBuildPhase;
			buildActionMask = 2147483647;
			files = (
				39C2631A1FA393780094DE1B /* MyIP.xcdatamodeld in Sources */,
				39C263141FA393780094DE1B /* ViewController.swift in Sources */,
				39C263121FA393780094DE1B /* AppDelegate.swift in Sources */,
			);
			runOnlyForDeploymentPostprocessing = 0;
		};
		39C263211FA393780094DE1B /* Sources */ = {
			isa = PBXSourcesBuildPhase;
			buildActionMask = 2147483647;
			files = (
				39C2632A1FA393780094DE1B /* MyIPTests.swift in Sources */,
			);
			runOnlyForDeploymentPostprocessing = 0;
		};
		39C2632C1FA393780094DE1B /* Sources */ = {
			isa = PBXSourcesBuildPhase;
			buildActionMask = 2147483647;
			files = (
				39C263351FA393780094DE1B /* MyIPUITests.swift in Sources */,
			);
			runOnlyForDeploymentPostprocessing = 0;
		};
/* End PBXSourcesBuildPhase section */

/* Begin PBXTargetDependency section */
		39C263271FA393780094DE1B /* PBXTargetDependency */ = {
			isa = PBXTargetDependency;
			target = 39C2630D1FA393780094DE1B /* MyIP */;
			targetProxy = 39C263261FA393780094DE1B /* PBXContainerItemProxy */;
		};
		39C263321FA393780094DE1B /* PBXTargetDependency */ = {
			isa = PBXTargetDependency;
			target = 39C2630D1FA393780094DE1B /* MyIP */;
			targetProxy = 39C263311FA393780094DE1B /* PBXContainerItemProxy */;
		};
/* End PBXTargetDependency section */

/* Begin PBXVariantGroup section */
		39C263151FA393780094DE1B /* Main.storyboard */ = {
			isa = PBXVariantGroup;
			children = (
				39C263161FA393780094DE1B /* Base */,
			);
			name = Main.storyboard;
			sourceTree = "<group>";
		};
		39C2631D1FA393780094DE1B /* LaunchScreen.storyboard */ = {
			isa = PBXVariantGroup;
			children = (
				39C2631E1FA393780094DE1B /* Base */,
			);
			name = LaunchScreen.storyboard;
			sourceTree = "<group>";
		};
/* End PBXVariantGroup section */

/* Begin XCBuildConfiguration section */
		39C263371FA393780094DE1B /* Debug */ = {
			isa = XCBuildConfiguration;
			buildSettings = {
				ALWAYS_SEARCH_USER_PATHS = NO;
				CLANG_ANALYZER_NONNULL = YES;
				CLANG_ANALYZER_NUMBER_OBJECT_CONVERSION = YES_AGGRESSIVE;
				CLANG_CXX_LANGUAGE_STANDARD = "gnu++14";
				CLANG_CXX_LIBRARY = "libc++";
				CLANG_ENABLE_MODULES = YES;
				CLANG_ENABLE_OBJC_ARC = YES;
				CLANG_WARN_BLOCK_CAPTURE_AUTORELEASING = YES;
				CLANG_WARN_BOOL_CONVERSION = YES;
				CLANG_WARN_COMMA = YES;
				CLANG_WARN_CONSTANT_CONVERSION = YES;
				CLANG_WARN_DIRECT_OBJC_ISA_USAGE = YES_ERROR;
				CLANG_WARN_DOCUMENTATION_COMMENTS = YES;
				CLANG_WARN_EMPTY_BODY = YES;
				CLANG_WARN_ENUM_CONVERSION = YES;
				CLANG_WARN_INFINITE_RECURSION = YES;
				CLANG_WARN_INT_CONVERSION = YES;
				CLANG_WARN_NON_LITERAL_NULL_CONVERSION = YES;
				CLANG_WARN_OBJC_LITERAL_CONVERSION = YES;
				CLANG_WARN_OBJC_ROOT_CLASS = YES_ERROR;
				CLANG_WARN_RANGE_LOOP_ANALYSIS = YES;
				CLANG_WARN_STRICT_PROTOTYPES = YES;
				CLANG_WARN_SUSPICIOUS_MOVE = YES;
				CLANG_WARN_UNGUARDED_AVAILABILITY = YES_AGGRESSIVE;
				CLANG_WARN_UNREACHABLE_CODE = YES;
				CLANG_WARN__DUPLICATE_METHOD_MATCH = YES;
				CODE_SIGN_IDENTITY = "iPhone Developer";
				COPY_PHASE_STRIP = NO;
				DEBUG_INFORMATION_FORMAT = dwarf;
				ENABLE_STRICT_OBJC_MSGSEND = YES;
				ENABLE_TESTABILITY = YES;
				GCC_C_LANGUAGE_STANDARD = gnu11;
				GCC_DYNAMIC_NO_PIC = NO;
				GCC_NO_COMMON_BLOCKS = YES;
				GCC_OPTIMIZATION_LEVEL = 0;
				GCC_PREPROCESSOR_DEFINITIONS = (
					"DEBUG=1",
					"$(inherited)",
				);
				GCC_WARN_64_TO_32_BIT_CONVERSION = YES;
				GCC_WARN_ABOUT_RETURN_TYPE = YES_ERROR;
				GCC_WARN_UNDECLARED_SELECTOR = YES;
				GCC_WARN_UNINITIALIZED_AUTOS = YES_AGGRESSIVE;
				GCC_WARN_UNUSED_FUNCTION = YES;
				GCC_WARN_UNUSED_VARIABLE = YES;
				IPHONEOS_DEPLOYMENT_TARGET = 11.0;
				MTL_ENABLE_DEBUG_INFO = YES;
				ONLY_ACTIVE_ARCH = YES;
				SDKROOT = iphoneos;
				SWIFT_ACTIVE_COMPILATION_CONDITIONS = DEBUG;
				SWIFT_OPTIMIZATION_LEVEL = "-Onone";
			};
			name = Debug;
		};
		39C263381FA393780094DE1B /* Release */ = {
			isa = XCBuildConfiguration;
			buildSettings = {
				ALWAYS_SEARCH_USER_PATHS = NO;
				CLANG_ANALYZER_NONNULL = YES;
				CLANG_ANALYZER_NUMBER_OBJECT_CONVERSION = YES_AGGRESSIVE;
				CLANG_CXX_LANGUAGE_STANDARD = "gnu++14";
				CLANG_CXX_LIBRARY = "libc++";
				CLANG_ENABLE_MODULES = YES;
				CLANG_ENABLE_OBJC_ARC = YES;
				CLANG_WARN_BLOCK_CAPTURE_AUTORELEASING = YES;
				CLANG_WARN_BOOL_CONVERSION = YES;
				CLANG_WARN_COMMA = YES;
				CLANG_WARN_CONSTANT_CONVERSION = YES;
				CLANG_WARN_DIRECT_OBJC_ISA_USAGE = YES_ERROR;
				CLANG_WARN_DOCUMENTATION_COMMENTS = YES;
				CLANG_WARN_EMPTY_BODY = YES;
				CLANG_WARN_ENUM_CONVERSION = YES;
				CLANG_WARN_INFINITE_RECURSION = YES;
				CLANG_WARN_INT_CONVERSION = YES;
				CLANG_WARN_NON_LITERAL_NULL_CONVERSION = YES;
				CLANG_WARN_OBJC_LITERAL_CONVERSION = YES;
				CLANG_WARN_OBJC_ROOT_CLASS = YES_ERROR;
				CLANG_WARN_RANGE_LOOP_ANALYSIS = YES;
				CLANG_WARN_STRICT_PROTOTYPES = YES;
				CLANG_WARN_SUSPICIOUS_MOVE = YES;
				CLANG_WARN_UNGUARDED_AVAILABILITY = YES_AGGRESSIVE;
				CLANG_WARN_UNREACHABLE_CODE = YES;
				CLANG_WARN__DUPLICATE_METHOD_MATCH = YES;
				CODE_SIGN_IDENTITY = "iPhone Developer";
				COPY_PHASE_STRIP = NO;
				DEBUG_INFORMATION_FORMAT = "dwarf-with-dsym";
				ENABLE_NS_ASSERTIONS = NO;
				ENABLE_STRICT_OBJC_MSGSEND = YES;
				GCC_C_LANGUAGE_STANDARD = gnu11;
				GCC_NO_COMMON_BLOCKS = YES;
				GCC_WARN_64_TO_32_BIT_CONVERSION = YES;
				GCC_WARN_ABOUT_RETURN_TYPE = YES_ERROR;
				GCC_WARN_UNDECLARED_SELECTOR = YES;
				GCC_WARN_UNINITIALIZED_AUTOS = YES_AGGRESSIVE;
				GCC_WARN_UNUSED_FUNCTION = YES;
				GCC_WARN_UNUSED_VARIABLE = YES;
				IPHONEOS_DEPLOYMENT_TARGET = 11.0;
				MTL_ENABLE_DEBUG_INFO = NO;
				SDKROOT = iphoneos;
				SWIFT_OPTIMIZATION_LEVEL = "-Owholemodule";
				VALIDATE_PRODUCT = YES;
			};
			name = Release;
		};
		39C2633A1FA393780094DE1B /* Debug */ = {
			isa = XCBuildConfiguration;
			baseConfigurationReference = A1879E201341F8DE3B5516A4 /* Pods-MyIP.debug.xcconfig */;
			buildSettings = {
				ASSETCATALOG_COMPILER_APPICON_NAME = AppIcon;
				CODE_SIGN_STYLE = Automatic;
				DEVELOPMENT_TEAM = 8HHVFZBRB4;
				INFOPLIST_FILE = MyIP/Info.plist;
				IPHONEOS_DEPLOYMENT_TARGET = 10.3;
				LD_RUNPATH_SEARCH_PATHS = "$(inherited) @executable_path/Frameworks";
				PRODUCT_BUNDLE_IDENTIFIER = probotzor.MyIP;
				PRODUCT_NAME = "$(TARGET_NAME)";
				SWIFT_VERSION = 4.0;
				TARGETED_DEVICE_FAMILY = "1,2";
			};
			name = Debug;
		};
		39C2633B1FA393780094DE1B /* Release */ = {
			isa = XCBuildConfiguration;
			baseConfigurationReference = 3C5B4C4D2FA7B0C12A5289B4 /* Pods-MyIP.release.xcconfig */;
			buildSettings = {
				ASSETCATALOG_COMPILER_APPICON_NAME = AppIcon;
				CODE_SIGN_STYLE = Automatic;
				DEVELOPMENT_TEAM = 8HHVFZBRB4;
				INFOPLIST_FILE = MyIP/Info.plist;
				IPHONEOS_DEPLOYMENT_TARGET = 10.3;
				LD_RUNPATH_SEARCH_PATHS = "$(inherited) @executable_path/Frameworks";
				PRODUCT_BUNDLE_IDENTIFIER = probotzor.MyIP;
				PRODUCT_NAME = "$(TARGET_NAME)";
				SWIFT_VERSION = 4.0;
				TARGETED_DEVICE_FAMILY = "1,2";
			};
			name = Release;
		};
		39C2633D1FA393780094DE1B /* Debug */ = {
			isa = XCBuildConfiguration;
			buildSettings = {
				ALWAYS_EMBED_SWIFT_STANDARD_LIBRARIES = YES;
				BUNDLE_LOADER = "$(TEST_HOST)";
				CODE_SIGN_STYLE = Automatic;
				DEVELOPMENT_TEAM = 8HHVFZBRB4;
				INFOPLIST_FILE = MyIPTests/Info.plist;
				LD_RUNPATH_SEARCH_PATHS = "$(inherited) @executable_path/Frameworks @loader_path/Frameworks";
				PRODUCT_BUNDLE_IDENTIFIER = probotzor.MyIPTests;
				PRODUCT_NAME = "$(TARGET_NAME)";
				SWIFT_VERSION = 4.0;
				TARGETED_DEVICE_FAMILY = "1,2";
				TEST_HOST = "$(BUILT_PRODUCTS_DIR)/MyIP.app/MyIP";
			};
			name = Debug;
		};
		39C2633E1FA393780094DE1B /* Release */ = {
			isa = XCBuildConfiguration;
			buildSettings = {
				ALWAYS_EMBED_SWIFT_STANDARD_LIBRARIES = YES;
				BUNDLE_LOADER = "$(TEST_HOST)";
				CODE_SIGN_STYLE = Automatic;
				DEVELOPMENT_TEAM = 8HHVFZBRB4;
				INFOPLIST_FILE = MyIPTests/Info.plist;
				LD_RUNPATH_SEARCH_PATHS = "$(inherited) @executable_path/Frameworks @loader_path/Frameworks";
				PRODUCT_BUNDLE_IDENTIFIER = probotzor.MyIPTests;
				PRODUCT_NAME = "$(TARGET_NAME)";
				SWIFT_VERSION = 4.0;
				TARGETED_DEVICE_FAMILY = "1,2";
				TEST_HOST = "$(BUILT_PRODUCTS_DIR)/MyIP.app/MyIP";
			};
			name = Release;
		};
		39C263401FA393780094DE1B /* Debug */ = {
			isa = XCBuildConfiguration;
			buildSettings = {
				ALWAYS_EMBED_SWIFT_STANDARD_LIBRARIES = YES;
				CODE_SIGN_STYLE = Automatic;
				DEVELOPMENT_TEAM = 8HHVFZBRB4;
				INFOPLIST_FILE = MyIPUITests/Info.plist;
				LD_RUNPATH_SEARCH_PATHS = "$(inherited) @executable_path/Frameworks @loader_path/Frameworks";
				PRODUCT_BUNDLE_IDENTIFIER = probotzor.MyIPUITests;
				PRODUCT_NAME = "$(TARGET_NAME)";
				SWIFT_VERSION = 4.0;
				TARGETED_DEVICE_FAMILY = "1,2";
				TEST_TARGET_NAME = MyIP;
			};
			name = Debug;
		};
		39C263411FA393780094DE1B /* Release */ = {
			isa = XCBuildConfiguration;
			buildSettings = {
				ALWAYS_EMBED_SWIFT_STANDARD_LIBRARIES = YES;
				CODE_SIGN_STYLE = Automatic;
				DEVELOPMENT_TEAM = 8HHVFZBRB4;
				INFOPLIST_FILE = MyIPUITests/Info.plist;
				LD_RUNPATH_SEARCH_PATHS = "$(inherited) @executable_path/Frameworks @loader_path/Frameworks";
				PRODUCT_BUNDLE_IDENTIFIER = probotzor.MyIPUITests;
				PRODUCT_NAME = "$(TARGET_NAME)";
				SWIFT_VERSION = 4.0;
				TARGETED_DEVICE_FAMILY = "1,2";
				TEST_TARGET_NAME = MyIP;
			};
			name = Release;
		};
/* End XCBuildConfiguration section */

/* Begin XCConfigurationList section */
		39C263091FA393780094DE1B /* Build configuration list for PBXProject "MyIP" */ = {
			isa = XCConfigurationList;
			buildConfigurations = (
				39C263371FA393780094DE1B /* Debug */,
				39C263381FA393780094DE1B /* Release */,
			);
			defaultConfigurationIsVisible = 0;
			defaultConfigurationName = Release;
		};
		39C263391FA393780094DE1B /* Build configuration list for PBXNativeTarget "MyIP" */ = {
			isa = XCConfigurationList;
			buildConfigurations = (
				39C2633A1FA393780094DE1B /* Debug */,
				39C2633B1FA393780094DE1B /* Release */,
			);
			defaultConfigurationIsVisible = 0;
			defaultConfigurationName = Release;
		};
		39C2633C1FA393780094DE1B /* Build configuration list for PBXNativeTarget "MyIPTests" */ = {
			isa = XCConfigurationList;
			buildConfigurations = (
				39C2633D1FA393780094DE1B /* Debug */,
				39C2633E1FA393780094DE1B /* Release */,
			);
			defaultConfigurationIsVisible = 0;
			defaultConfigurationName = Release;
		};
		39C2633F1FA393780094DE1B /* Build configuration list for PBXNativeTarget "MyIPUITests" */ = {
			isa = XCConfigurationList;
			buildConfigurations = (
				39C263401FA393780094DE1B /* Debug */,
				39C263411FA393780094DE1B /* Release */,
			);
			defaultConfigurationIsVisible = 0;
			defaultConfigurationName = Release;
		};
/* End XCConfigurationList section */

/* Begin XCVersionGroup section */
		39C263181FA393780094DE1B /* MyIP.xcdatamodeld */ = {
			isa = XCVersionGroup;
			children = (
				39C263191FA393780094DE1B /* MyIP.xcdatamodel */,
			);
			currentVersion = 39C263191FA393780094DE1B /* MyIP.xcdatamodel */;
			path = MyIP.xcdatamodeld;
			sourceTree = "<group>";
			versionGroupType = wrapper.xcdatamodel;
		};
/* End XCVersionGroup section */
	};
	rootObject = 39C263061FA393780094DE1B /* Project object */;
}
